
Microsoft Visual Studio Solution File, Format Version 12.00
Project("{2150E333-8FDC-42A3-9474-1A3956D46DE8}") = "Backend", "Backend", "{ED3DA128-365E-49A1-AC3D-35CDE1D40AEC}"
EndProject
Project("{FAE04EC0-301F-11D3-BF4B-00C04F79EFBC}") = "BillingService.Backend.Core", "BillingService.Backend\BillingService.Backend.Core\BillingService.Backend.Core.csproj", "{B632C7F7-85D8-41BD-B3EC-D03D39AF45AA}"
EndProject
Project("{FAE04EC0-301F-11D3-BF4B-00C04F79EFBC}") = "BillingService.Backend.Cqrs", "BillingService.Backend\BillingService.Backend.Cqrs\BillingService.Backend.Cqrs.csproj", "{6BC7126B-7050-4025-B5F4-26FD6BC4832B}"
EndProject
Project("{FAE04EC0-301F-11D3-BF4B-00C04F79EFBC}") = "BillingService.Backend.Domain", "BillingService.Backend\BillingService.Backend.Domain\BillingService.Backend.Domain.csproj", "{4CB7D53F-D536-44E3-9844-67A7ED4ECA65}"
EndProject
Project("{FAE04EC0-301F-11D3-BF4B-00C04F79EFBC}") = "BillingService.Backend.Database", "BillingService.Backend\BillingService.Backend.Database\BillingService.Backend.Database.csproj", "{6BD31B1B-1927-461C-A0F6-24B4E8E3D9DD}"
EndProject
Project("{FAE04EC0-301F-11D3-BF4B-00C04F79EFBC}") = "BillingService.Backend.Shared", "BillingService.Backend\BillingService.Backend.Shared\BillingService.Backend.Shared.csproj", "{0F2322B1-6D70-41E7-9F18-2FEA3D5714B9}"
EndProject
Project("{2150E333-8FDC-42A3-9474-1A3956D46DE8}") = "Services", "Services", "{8CF2943E-239B-4E73-8D8F-DE341E277D99}"
EndProject
Project("{2150E333-8FDC-42A3-9474-1A3956D46DE8}") = "Tests", "Tests", "{FECF68F7-9917-4CBA-85C0-5FE52FCB79C7}"
EndProject
Project("{2150E333-8FDC-42A3-9474-1A3956D46DE8}") = "WebApi", "WebApi", "{14F02F9D-D50B-43E4-9817-58A113855A8D}"
EndProject
Project("{FAE04EC0-301F-11D3-BF4B-00C04F79EFBC}") = "BillingService.WebApi", "BillingService.WebApi\BillingService.WebApi.csproj", "{7E06772B-0861-4194-B349-76EB516F8AA0}"
EndProject
Project("{FAE04EC0-301F-11D3-BF4B-00C04F79EFBC}") = "BillingService.UnitTests", "BillingService.Tests\BillingService.UnitTests\BillingService.UnitTests.csproj", "{85509F7E-79D8-476E-A642-CCF145D75B1C}"
EndProject
Project("{FAE04EC0-301F-11D3-BF4B-00C04F79EFBC}") = "BillingService.IntegrationTests", "BillingService.Tests\BillingService.IntegrationTests\BillingService.IntegrationTests.csproj", "{8D021516-44D5-4854-A710-27F02AA11903}"
EndProject
Project("{FAE04EC0-301F-11D3-BF4B-00C04F79EFBC}") = "BillingService.Services.BillingService", "BillingService.Services\BillingService.Services.BillingService\BillingService.Services.BillingService.csproj", "{8861A5C9-BC0F-4113-911E-32FC7A37CBA4}"
EndProject
Project("{FAE04EC0-301F-11D3-BF4B-00C04F79EFBC}") = "BillingService.Services.PaymentService", "BillingService.Services\BillingService.Services.PaymentService\BillingService.Services.PaymentService.csproj", "{389A2030-7C6E-418C-AF30-CE59E968A989}"
EndProject
Project("{FAE04EC0-301F-11D3-BF4B-00C04F79EFBC}") = "BillingService.Services.UserService", "BillingService.Services\BillingService.Services.UserService\BillingService.Services.UserService.csproj", "{FDE29CF1-D5A6-4FE0-83A4-907074302B3D}"
EndProject
Project("{FAE04EC0-301F-11D3-BF4B-00C04F79EFBC}") = "BillingService.Services.BehaviourService", "BillingService.Services\BillingService.Services.BehaviourService\BillingService.Services.BehaviourService.csproj", "{7F35EA22-02BF-4BD0-A43D-E74C77EA2F82}"
EndProject
Global
	GlobalSection(SolutionConfigurationPlatforms) = preSolution
		Debug|Any CPU = Debug|Any CPU
		Release|Any CPU = Release|Any CPU
	EndGlobalSection
	GlobalSection(ProjectConfigurationPlatforms) = postSolution
		{B632C7F7-85D8-41BD-B3EC-D03D39AF45AA}.Debug|Any CPU.ActiveCfg = Debug|Any CPU
		{B632C7F7-85D8-41BD-B3EC-D03D39AF45AA}.Debug|Any CPU.Build.0 = Debug|Any CPU
		{B632C7F7-85D8-41BD-B3EC-D03D39AF45AA}.Release|Any CPU.ActiveCfg = Release|Any CPU
		{B632C7F7-85D8-41BD-B3EC-D03D39AF45AA}.Release|Any CPU.Build.0 = Release|Any CPU
		{6BC7126B-7050-4025-B5F4-26FD6BC4832B}.Debug|Any CPU.ActiveCfg = Debug|Any CPU
		{6BC7126B-7050-4025-B5F4-26FD6BC4832B}.Debug|Any CPU.Build.0 = Debug|Any CPU
		{6BC7126B-7050-4025-B5F4-26FD6BC4832B}.Release|Any CPU.ActiveCfg = Release|Any CPU
		{6BC7126B-7050-4025-B5F4-26FD6BC4832B}.Release|Any CPU.Build.0 = Release|Any CPU
		{4CB7D53F-D536-44E3-9844-67A7ED4ECA65}.Debug|Any CPU.ActiveCfg = Debug|Any CPU
		{4CB7D53F-D536-44E3-9844-67A7ED4ECA65}.Debug|Any CPU.Build.0 = Debug|Any CPU
		{4CB7D53F-D536-44E3-9844-67A7ED4ECA65}.Release|Any CPU.ActiveCfg = Release|Any CPU
		{4CB7D53F-D536-44E3-9844-67A7ED4ECA65}.Release|Any CPU.Build.0 = Release|Any CPU
		{6BD31B1B-1927-461C-A0F6-24B4E8E3D9DD}.Debug|Any CPU.ActiveCfg = Debug|Any CPU
		{6BD31B1B-1927-461C-A0F6-24B4E8E3D9DD}.Debug|Any CPU.Build.0 = Debug|Any CPU
		{6BD31B1B-1927-461C-A0F6-24B4E8E3D9DD}.Release|Any CPU.ActiveCfg = Release|Any CPU
		{6BD31B1B-1927-461C-A0F6-24B4E8E3D9DD}.Release|Any CPU.Build.0 = Release|Any CPU
		{0F2322B1-6D70-41E7-9F18-2FEA3D5714B9}.Debug|Any CPU.ActiveCfg = Debug|Any CPU
		{0F2322B1-6D70-41E7-9F18-2FEA3D5714B9}.Debug|Any CPU.Build.0 = Debug|Any CPU
		{0F2322B1-6D70-41E7-9F18-2FEA3D5714B9}.Release|Any CPU.ActiveCfg = Release|Any CPU
		{0F2322B1-6D70-41E7-9F18-2FEA3D5714B9}.Release|Any CPU.Build.0 = Release|Any CPU
		{7E06772B-0861-4194-B349-76EB516F8AA0}.Debug|Any CPU.ActiveCfg = Debug|Any CPU
		{7E06772B-0861-4194-B349-76EB516F8AA0}.Debug|Any CPU.Build.0 = Debug|Any CPU
		{7E06772B-0861-4194-B349-76EB516F8AA0}.Release|Any CPU.ActiveCfg = Release|Any CPU
		{7E06772B-0861-4194-B349-76EB516F8AA0}.Release|Any CPU.Build.0 = Release|Any CPU
		{85509F7E-79D8-476E-A642-CCF145D75B1C}.Debug|Any CPU.ActiveCfg = Debug|Any CPU
		{85509F7E-79D8-476E-A642-CCF145D75B1C}.Debug|Any CPU.Build.0 = Debug|Any CPU
		{85509F7E-79D8-476E-A642-CCF145D75B1C}.Release|Any CPU.ActiveCfg = Release|Any CPU
		{85509F7E-79D8-476E-A642-CCF145D75B1C}.Release|Any CPU.Build.0 = Release|Any CPU
		{8D021516-44D5-4854-A710-27F02AA11903}.Debug|Any CPU.ActiveCfg = Debug|Any CPU
		{8D021516-44D5-4854-A710-27F02AA11903}.Debug|Any CPU.Build.0 = Debug|Any CPU
		{8D021516-44D5-4854-A710-27F02AA11903}.Release|Any CPU.ActiveCfg = Release|Any CPU
		{8D021516-44D5-4854-A710-27F02AA11903}.Release|Any CPU.Build.0 = Release|Any CPU
		{8861A5C9-BC0F-4113-911E-32FC7A37CBA4}.Debug|Any CPU.ActiveCfg = Debug|Any CPU
		{8861A5C9-BC0F-4113-911E-32FC7A37CBA4}.Debug|Any CPU.Build.0 = Debug|Any CPU
		{8861A5C9-BC0F-4113-911E-32FC7A37CBA4}.Release|Any CPU.ActiveCfg = Release|Any CPU
		{8861A5C9-BC0F-4113-911E-32FC7A37CBA4}.Release|Any CPU.Build.0 = Release|Any CPU
		{389A2030-7C6E-418C-AF30-CE59E968A989}.Debug|Any CPU.ActiveCfg = Debug|Any CPU
		{389A2030-7C6E-418C-AF30-CE59E968A989}.Debug|Any CPU.Build.0 = Debug|Any CPU
		{389A2030-7C6E-418C-AF30-CE59E968A989}.Release|Any CPU.ActiveCfg = Release|Any CPU
		{389A2030-7C6E-418C-AF30-CE59E968A989}.Release|Any CPU.Build.0 = Release|Any CPU
		{FDE29CF1-D5A6-4FE0-83A4-907074302B3D}.Debug|Any CPU.ActiveCfg = Debug|Any CPU
		{FDE29CF1-D5A6-4FE0-83A4-907074302B3D}.Debug|Any CPU.Build.0 = Debug|Any CPU
		{FDE29CF1-D5A6-4FE0-83A4-907074302B3D}.Release|Any CPU.ActiveCfg = Release|Any CPU
		{FDE29CF1-D5A6-4FE0-83A4-907074302B3D}.Release|Any CPU.Build.0 = Release|Any CPU
		{7F35EA22-02BF-4BD0-A43D-E74C77EA2F82}.Debug|Any CPU.ActiveCfg = Debug|Any CPU
		{7F35EA22-02BF-4BD0-A43D-E74C77EA2F82}.Debug|Any CPU.Build.0 = Debug|Any CPU
		{7F35EA22-02BF-4BD0-A43D-E74C77EA2F82}.Release|Any CPU.ActiveCfg = Release|Any CPU
		{7F35EA22-02BF-4BD0-A43D-E74C77EA2F82}.Release|Any CPU.Build.0 = Release|Any CPU
	EndGlobalSection
	GlobalSection(NestedProjects) = preSolution
		{B632C7F7-85D8-41BD-B3EC-D03D39AF45AA} = {ED3DA128-365E-49A1-AC3D-35CDE1D40AEC}
		{6BC7126B-7050-4025-B5F4-26FD6BC4832B} = {ED3DA128-365E-49A1-AC3D-35CDE1D40AEC}
		{4CB7D53F-D536-44E3-9844-67A7ED4ECA65} = {ED3DA128-365E-49A1-AC3D-35CDE1D40AEC}
		{6BD31B1B-1927-461C-A0F6-24B4E8E3D9DD} = {ED3DA128-365E-49A1-AC3D-35CDE1D40AEC}
		{0F2322B1-6D70-41E7-9F18-2FEA3D5714B9} = {ED3DA128-365E-49A1-AC3D-35CDE1D40AEC}
		{7E06772B-0861-4194-B349-76EB516F8AA0} = {14F02F9D-D50B-43E4-9817-58A113855A8D}
		{85509F7E-79D8-476E-A642-CCF145D75B1C} = {FECF68F7-9917-4CBA-85C0-5FE52FCB79C7}
		{8D021516-44D5-4854-A710-27F02AA11903} = {FECF68F7-9917-4CBA-85C0-5FE52FCB79C7}
		{8861A5C9-BC0F-4113-911E-32FC7A37CBA4} = {8CF2943E-239B-4E73-8D8F-DE341E277D99}
		{389A2030-7C6E-418C-AF30-CE59E968A989} = {8CF2943E-239B-4E73-8D8F-DE341E277D99}
		{FDE29CF1-D5A6-4FE0-83A4-907074302B3D} = {8CF2943E-239B-4E73-8D8F-DE341E277D99}
		{7F35EA22-02BF-4BD0-A43D-E74C77EA2F82} = {8CF2943E-239B-4E73-8D8F-DE341E277D99}
	EndGlobalSection
EndGlobal
